
Microsoft Visual Studio Solution File, Format Version 12.00
# Visual Studio Version 16
VisualStudioVersion = 16.0.31129.286
MinimumVisualStudioVersion = 10.0.40219.1
Project("{FAE04EC0-301F-11D3-BF4B-00C04F79EFBC}") = "SimpleBuilder", "SimpleBuilder\SimpleBuilder.csproj", "{BE59B9F8-D309-4130-A2C6-AA6B33EBBA2E}"
EndProject
Global
	GlobalSection(SolutionConfigurationPlatforms) = preSolution
		Debug|Any CPU = Debug|Any CPU
		Release|Any CPU = Release|Any CPU
	EndGlobalSection
	GlobalSection(ProjectConfigurationPlatforms) = postSolution
		{BE59B9F8-D309-4130-A2C6-AA6B33EBBA2E}.Debug|Any CPU.ActiveCfg = Debug|Any CPU
		{BE59B9F8-D309-4130-A2C6-AA6B33EBBA2E}.Debug|Any CPU.Build.0 = Debug|Any CPU
		{BE59B9F8-D309-4130-A2C6-AA6B33EBBA2E}.Release|Any CPU.ActiveCfg = Release|Any CPU
		{BE59B9F8-D309-4130-A2C6-AA6B33EBBA2E}.Release|Any CPU.Build.0 = Release|Any CPU
	EndGlobalSection
	GlobalSection(SolutionProperties) = preSolution
		HideSolutionNode = FALSE
	EndGlobalSection
	GlobalSection(ExtensibilityGlobals) = postSolution
		SolutionGuid = {9A2BB18C-E4AC-4445-83FC-239C89D33123}
	EndGlobalSection
EndGlobal
